version = 1
revision = 3
requires-python = ">=3.13"

[[package]]
name = "lsp-types"
version = "0.10.0"
source = { registry = "https://pypi.org/simple" }
sdist = { url = "https://files.pythonhosted.org/packages/5a/cd/7f31f4e5decce0a9953a1bd5e111e3d6f6416b0a7f8f18a33ccde2126beb/lsp_types-0.10.0.tar.gz", hash = "sha256:38bd384f6bc90577fa8d38c3b262d020f263329e779e08a72517f44c73653e88", size = 64807, upload-time = "2025-08-03T05:17:58.46Z" }
wheels = [
    { url = "https://files.pythonhosted.org/packages/f1/c8/374ef5d053af09c1e9c5889e75a9f9e419484a792b36cc600bc80e5ef27e/lsp_types-0.10.0-py3-none-any.whl", hash = "sha256:53fe04ed3807472ce165a51cbe6c7be487ccb8b0891e4008a2fc111acffc0283", size = 67142, upload-time = "2025-08-03T05:17:54.389Z" },
]

[[package]]
name = "pygobject-stubs"
version = "2.13.0"
source = { registry = "https://pypi.org/simple" }
sdist = { url = "https://files.pythonhosted.org/packages/d1/3f/d9a43ab76ad7a2d6d3a2968513b76760100c33128c6a0d3ac996dfb37c77/pygobject_stubs-2.13.0.tar.gz", hash = "sha256:4f608f5dfe10c3173f0a082416e22e27b693743c2a635de245c78a51458e2ab6", size = 870193, upload-time = "2025-03-13T21:22:38.156Z" }

[[package]]
name = "pyrose"
version = "0.1.0"
source = { virtual = "." }
dependencies = [
    { name = "lsp-types" },
]

[package.dev-dependencies]
dev = [
    { name = "pygobject-stubs" },
]

[package.metadata]
requires-dist = [{ name = "lsp-types", specifier = ">=0.10.0" }]

[package.metadata.requires-dev]
dev = [{ name = "pygobject-stubs", specifier = ">=2.13.0" }]
